{
  "name": "workspace",
  "lockfileVersion": 3,
  "requires": true,
  "packages": {
    "": {
      "dependencies": {
        "validator": "^13.15.23"
      }
    },
    "node_modules/validator": {
      "version": "13.15.23",
      "resolved": "https://registry.npmjs.org/validator/-/validator-13.15.23.tgz",
      "integrity": "sha512-4yoz1kEWqUjzi5zsPbAS/903QXSYp0UOtHsPpp7p9rHAw/W+dkInskAE386Fat3oKRROwO98d9ZB0G4cObgUyw==",
      "license": "MIT",
      "engines": {
        "node": ">= 0.10"
      }
    }
  }
}
